
Microsoft Visual Studio Solution File, Format Version 12.00
# Visual Studio Version 16
VisualStudioVersion = 16.0.31105.61
MinimumVisualStudioVersion = 10.0.40219.1
Project("{FAE04EC0-301F-11D3-BF4B-00C04F79EFBC}") = "as", "as.csproj", "{1B26B111-0C67-4CAC-BAE9-A1160580BC11}"
EndProject
Global
	GlobalSection(SolutionConfigurationPlatforms) = preSolution
		Debug|Any CPU = Debug|Any CPU
		Release|Any CPU = Release|Any CPU
	EndGlobalSection
	GlobalSection(ProjectConfigurationPlatforms) = postSolution
		{1B26B111-0C67-4CAC-BAE9-A1160580BC11}.Debug|Any CPU.ActiveCfg = Debug|Any CPU
		{1B26B111-0C67-4CAC-BAE9-A1160580BC11}.Debug|Any CPU.Build.0 = Debug|Any CPU
		{1B26B111-0C67-4CAC-BAE9-A1160580BC11}.Release|Any CPU.ActiveCfg = Release|Any CPU
		{1B26B111-0C67-4CAC-BAE9-A1160580BC11}.Release|Any CPU.Build.0 = Release|Any CPU
	EndGlobalSection
	GlobalSection(SolutionProperties) = preSolution
		HideSolutionNode = FALSE
	EndGlobalSection
	GlobalSection(ExtensibilityGlobals) = postSolution
		SolutionGuid = {DF8572CA-1DD8-492B-BA6D-D2E2CC68C825}
	EndGlobalSection
EndGlobal
